// !$*UTF8*$!
{
	archiveVersion = 1;
	classes = {
	};
	objectVersion = 46;
	objects = {

/* Begin PBXBuildFile section */
		984C441819F48D1D0061A500 /* StreamView.m in Sources */ = {isa = PBXBuildFile; fileRef = 984C441719F48D1D0061A500 /* StreamView.m */; };
		98A03B4D19F352EB00861ACA /* liblimelight-common.a in Frameworks */ = {isa = PBXBuildFile; fileRef = 98A03B4A19F3514B00861ACA /* liblimelight-common.a */; };
		98A03B5019F3598400861ACA /* VideoDecoderRenderer.m in Sources */ = {isa = PBXBuildFile; fileRef = 98A03B4F19F3598400861ACA /* VideoDecoderRenderer.m */; };
		98A03B5119F35AAC00861ACA /* libcrypto.a in Frameworks */ = {isa = PBXBuildFile; fileRef = FBCC0E9819EF9703009729EB /* libcrypto.a */; };
		FB290CF219B2C406004C83CF /* Foundation.framework in Frameworks */ = {isa = PBXBuildFile; fileRef = FB290CF119B2C406004C83CF /* Foundation.framework */; };
		FB290CF419B2C406004C83CF /* CoreGraphics.framework in Frameworks */ = {isa = PBXBuildFile; fileRef = FB290CF319B2C406004C83CF /* CoreGraphics.framework */; };
		FB290CF619B2C406004C83CF /* UIKit.framework in Frameworks */ = {isa = PBXBuildFile; fileRef = FB290CF519B2C406004C83CF /* UIKit.framework */; };
		FB290CF819B2C406004C83CF /* CoreData.framework in Frameworks */ = {isa = PBXBuildFile; fileRef = FB290CF719B2C406004C83CF /* CoreData.framework */; };
		FB290CFE19B2C406004C83CF /* InfoPlist.strings in Resources */ = {isa = PBXBuildFile; fileRef = FB290CFC19B2C406004C83CF /* InfoPlist.strings */; };
		FB290D0019B2C406004C83CF /* main.m in Sources */ = {isa = PBXBuildFile; fileRef = FB290CFF19B2C406004C83CF /* main.m */; };
		FB290D0419B2C406004C83CF /* AppDelegate.m in Sources */ = {isa = PBXBuildFile; fileRef = FB290D0319B2C406004C83CF /* AppDelegate.m */; };
		FB290D0719B2C406004C83CF /* Limelight.xcdatamodeld in Sources */ = {isa = PBXBuildFile; fileRef = FB290D0519B2C406004C83CF /* Limelight.xcdatamodeld */; };
		FB290D0919B2C406004C83CF /* Images.xcassets in Resources */ = {isa = PBXBuildFile; fileRef = FB290D0819B2C406004C83CF /* Images.xcassets */; };
		FB290D1019B2C406004C83CF /* XCTest.framework in Frameworks */ = {isa = PBXBuildFile; fileRef = FB290D0F19B2C406004C83CF /* XCTest.framework */; };
		FB290D1119B2C406004C83CF /* Foundation.framework in Frameworks */ = {isa = PBXBuildFile; fileRef = FB290CF119B2C406004C83CF /* Foundation.framework */; };
		FB290D1219B2C406004C83CF /* UIKit.framework in Frameworks */ = {isa = PBXBuildFile; fileRef = FB290CF519B2C406004C83CF /* UIKit.framework */; };
		FB290D1319B2C406004C83CF /* CoreData.framework in Frameworks */ = {isa = PBXBuildFile; fileRef = FB290CF719B2C406004C83CF /* CoreData.framework */; };
		FB290D1B19B2C406004C83CF /* InfoPlist.strings in Resources */ = {isa = PBXBuildFile; fileRef = FB290D1919B2C406004C83CF /* InfoPlist.strings */; };
		FB290D1D19B2C406004C83CF /* LimelightTests.m in Sources */ = {isa = PBXBuildFile; fileRef = FB290D1C19B2C406004C83CF /* LimelightTests.m */; };
		FB290D3719B2C6E3004C83CF /* Connection.m in Sources */ = {isa = PBXBuildFile; fileRef = FB290D2719B2C6E3004C83CF /* Connection.m */; };
		FB290D3819B2C6E3004C83CF /* ConnectionHandler.m in Sources */ = {isa = PBXBuildFile; fileRef = FB290D2919B2C6E3004C83CF /* ConnectionHandler.m */; };
		FB290D3919B2C6E3004C83CF /* MainFrameViewController.m in Sources */ = {isa = PBXBuildFile; fileRef = FB290D2B19B2C6E3004C83CF /* MainFrameViewController.m */; };
		FB290D3A19B2C6E3004C83CF /* StreamFrameViewController.m in Sources */ = {isa = PBXBuildFile; fileRef = FB290D2D19B2C6E3004C83CF /* StreamFrameViewController.m */; };
		FB290DB719B2C870004C83CF /* libz.dylib in Frameworks */ = {isa = PBXBuildFile; fileRef = FB290DB619B2C870004C83CF /* libz.dylib */; };
		FB290DB919B2C877004C83CF /* libbz2.dylib in Frameworks */ = {isa = PBXBuildFile; fileRef = FB290DB819B2C877004C83CF /* libbz2.dylib */; };
		FB290DC219B2E966004C83CF /* libopus.a in Frameworks */ = {isa = PBXBuildFile; fileRef = FB290DC119B2E966004C83CF /* libopus.a */; };
		FB290DC419B2E98F004C83CF /* libxml2.dylib in Frameworks */ = {isa = PBXBuildFile; fileRef = FB290DC319B2E98F004C83CF /* libxml2.dylib */; };
		FB290E7919B37D81004C83CF /* MainFrame-iPad.storyboard in Resources */ = {isa = PBXBuildFile; fileRef = FB290E7819B37D81004C83CF /* MainFrame-iPad.storyboard */; };
		FB290E7B19B38036004C83CF /* MainFrame-iPhone.storyboard in Resources */ = {isa = PBXBuildFile; fileRef = FB290E7A19B38036004C83CF /* MainFrame-iPhone.storyboard */; };
		FB63FCF219F43EBC00227761 /* PairManager.m in Sources */ = {isa = PBXBuildFile; fileRef = FB63FCF119F43EBC00227761 /* PairManager.m */; };
		FB7E794419C8B71B00A15F68 /* libiconv.dylib in Frameworks */ = {isa = PBXBuildFile; fileRef = FB7E794319C8B71B00A15F68 /* libiconv.dylib */; };
		FBAB29F219EDB08B00929691 /* MDNSManager.m in Sources */ = {isa = PBXBuildFile; fileRef = FBAB29F119EDB08B00929691 /* MDNSManager.m */; };
		FBAB29F619EDE0F800929691 /* Computer.m in Sources */ = {isa = PBXBuildFile; fileRef = FBAB29F519EDE0F800929691 /* Computer.m */; };
		FBAB29FC19EE13AA00929691 /* CryptoManager.m in Sources */ = {isa = PBXBuildFile; fileRef = FBAB29FB19EE13AA00929691 /* CryptoManager.m */; };
		FBC8622D19F0BEFB0087327B /* HttpManager.m in Sources */ = {isa = PBXBuildFile; fileRef = FBC8622C19F0BEFB0087327B /* HttpManager.m */; };
		FBCC0E9B19EF9703009729EB /* libssl.a in Frameworks */ = {isa = PBXBuildFile; fileRef = FBCC0E9919EF9703009729EB /* libssl.a */; };
		FBCC0E9D19F00659009729EB /* mkcert.c in Sources */ = {isa = PBXBuildFile; fileRef = FBCC0E9C19F00659009729EB /* mkcert.c */; };
/* End PBXBuildFile section */

/* Begin PBXContainerItemProxy section */
		98A03B4919F3514B00861ACA /* PBXContainerItemProxy */ = {
			isa = PBXContainerItemProxy;
			containerPortal = 98A03B4519F3514B00861ACA /* limelight-common.xcodeproj */;
			proxyType = 2;
			remoteGlobalIDString = FB290E2E19B37A4E004C83CF;
			remoteInfo = "limelight-common";
		};
		98A03B4B19F3517100861ACA /* PBXContainerItemProxy */ = {
			isa = PBXContainerItemProxy;
			containerPortal = 98A03B4519F3514B00861ACA /* limelight-common.xcodeproj */;
			proxyType = 1;
			remoteGlobalIDString = FB290E2D19B37A4E004C83CF;
			remoteInfo = "limelight-common";
		};
		FB290D1419B2C406004C83CF /* PBXContainerItemProxy */ = {
			isa = PBXContainerItemProxy;
			containerPortal = FB290CE619B2C406004C83CF /* Project object */;
			proxyType = 1;
			remoteGlobalIDString = FB290CED19B2C406004C83CF;
			remoteInfo = Limelight;
		};
		FBC8623219F346A60087327B /* PBXContainerItemProxy */ = {
			isa = PBXContainerItemProxy;
			containerPortal = FBC8622E19F346A60087327B /* limelight-common.xcodeproj */;
			proxyType = 2;
			remoteGlobalIDString = FB290E2E19B37A4E004C83CF;
			remoteInfo = "limelight-common";
		};
/* End PBXContainerItemProxy section */

/* Begin PBXFileReference section */
		984C441619F48D1D0061A500 /* StreamView.h */ = {isa = PBXFileReference; fileEncoding = 4; lastKnownFileType = sourcecode.c.h; path = StreamView.h; sourceTree = "<group>"; };
		984C441719F48D1D0061A500 /* StreamView.m */ = {isa = PBXFileReference; fileEncoding = 4; lastKnownFileType = sourcecode.c.objc; path = StreamView.m; sourceTree = "<group>"; };
		98A03B4519F3514B00861ACA /* limelight-common.xcodeproj */ = {isa = PBXFileReference; lastKnownFileType = "wrapper.pb-project"; name = "limelight-common.xcodeproj"; path = "limelight-common-c/limelight-common.xcodeproj"; sourceTree = "<group>"; };
		98A03B4E19F3598400861ACA /* VideoDecoderRenderer.h */ = {isa = PBXFileReference; fileEncoding = 4; lastKnownFileType = sourcecode.c.h; name = VideoDecoderRenderer.h; path = Limelight/VideoDecoderRenderer.h; sourceTree = SOURCE_ROOT; };
		98A03B4F19F3598400861ACA /* VideoDecoderRenderer.m */ = {isa = PBXFileReference; fileEncoding = 4; lastKnownFileType = sourcecode.c.objc; name = VideoDecoderRenderer.m; path = Limelight/VideoDecoderRenderer.m; sourceTree = SOURCE_ROOT; };
		FB290CEE19B2C406004C83CF /* Limelight.app */ = {isa = PBXFileReference; explicitFileType = wrapper.application; includeInIndex = 0; path = Limelight.app; sourceTree = BUILT_PRODUCTS_DIR; };
		FB290CF119B2C406004C83CF /* Foundation.framework */ = {isa = PBXFileReference; lastKnownFileType = wrapper.framework; name = Foundation.framework; path = System/Library/Frameworks/Foundation.framework; sourceTree = SDKROOT; };
		FB290CF319B2C406004C83CF /* CoreGraphics.framework */ = {isa = PBXFileReference; lastKnownFileType = wrapper.framework; name = CoreGraphics.framework; path = System/Library/Frameworks/CoreGraphics.framework; sourceTree = SDKROOT; };
		FB290CF519B2C406004C83CF /* UIKit.framework */ = {isa = PBXFileReference; lastKnownFileType = wrapper.framework; name = UIKit.framework; path = System/Library/Frameworks/UIKit.framework; sourceTree = SDKROOT; };
		FB290CF719B2C406004C83CF /* CoreData.framework */ = {isa = PBXFileReference; lastKnownFileType = wrapper.framework; name = CoreData.framework; path = System/Library/Frameworks/CoreData.framework; sourceTree = SDKROOT; };
		FB290CFB19B2C406004C83CF /* Limelight-Info.plist */ = {isa = PBXFileReference; lastKnownFileType = text.plist.xml; path = "Limelight-Info.plist"; sourceTree = "<group>"; };
		FB290CFD19B2C406004C83CF /* en */ = {isa = PBXFileReference; lastKnownFileType = text.plist.strings; name = en; path = en.lproj/InfoPlist.strings; sourceTree = "<group>"; };
		FB290CFF19B2C406004C83CF /* main.m */ = {isa = PBXFileReference; lastKnownFileType = sourcecode.c.objc; path = main.m; sourceTree = "<group>"; };
		FB290D0119B2C406004C83CF /* Limelight-Prefix.pch */ = {isa = PBXFileReference; lastKnownFileType = sourcecode.c.h; path = "Limelight-Prefix.pch"; sourceTree = "<group>"; };
		FB290D0219B2C406004C83CF /* AppDelegate.h */ = {isa = PBXFileReference; lastKnownFileType = sourcecode.c.h; path = AppDelegate.h; sourceTree = "<group>"; };
		FB290D0319B2C406004C83CF /* AppDelegate.m */ = {isa = PBXFileReference; lastKnownFileType = sourcecode.c.objc; path = AppDelegate.m; sourceTree = "<group>"; };
		FB290D0619B2C406004C83CF /* Limelight.xcdatamodel */ = {isa = PBXFileReference; lastKnownFileType = wrapper.xcdatamodel; path = Limelight.xcdatamodel; sourceTree = "<group>"; };
		FB290D0819B2C406004C83CF /* Images.xcassets */ = {isa = PBXFileReference; lastKnownFileType = folder.assetcatalog; path = Images.xcassets; sourceTree = "<group>"; };
		FB290D0E19B2C406004C83CF /* LimelightTests.xctest */ = {isa = PBXFileReference; explicitFileType = wrapper.cfbundle; includeInIndex = 0; path = LimelightTests.xctest; sourceTree = BUILT_PRODUCTS_DIR; };
		FB290D0F19B2C406004C83CF /* XCTest.framework */ = {isa = PBXFileReference; lastKnownFileType = wrapper.framework; name = XCTest.framework; path = Library/Frameworks/XCTest.framework; sourceTree = DEVELOPER_DIR; };
		FB290D1819B2C406004C83CF /* LimelightTests-Info.plist */ = {isa = PBXFileReference; lastKnownFileType = text.plist.xml; path = "LimelightTests-Info.plist"; sourceTree = "<group>"; };
		FB290D1A19B2C406004C83CF /* en */ = {isa = PBXFileReference; lastKnownFileType = text.plist.strings; name = en; path = en.lproj/InfoPlist.strings; sourceTree = "<group>"; };
		FB290D1C19B2C406004C83CF /* LimelightTests.m */ = {isa = PBXFileReference; lastKnownFileType = sourcecode.c.objc; path = LimelightTests.m; sourceTree = "<group>"; };
		FB290D2619B2C6E3004C83CF /* Connection.h */ = {isa = PBXFileReference; fileEncoding = 4; lastKnownFileType = sourcecode.c.h; path = Connection.h; sourceTree = "<group>"; };
		FB290D2719B2C6E3004C83CF /* Connection.m */ = {isa = PBXFileReference; fileEncoding = 4; lastKnownFileType = sourcecode.c.objc; path = Connection.m; sourceTree = "<group>"; };
		FB290D2819B2C6E3004C83CF /* ConnectionHandler.h */ = {isa = PBXFileReference; fileEncoding = 4; lastKnownFileType = sourcecode.c.h; path = ConnectionHandler.h; sourceTree = "<group>"; };
		FB290D2919B2C6E3004C83CF /* ConnectionHandler.m */ = {isa = PBXFileReference; fileEncoding = 4; lastKnownFileType = sourcecode.c.objc; path = ConnectionHandler.m; sourceTree = "<group>"; };
		FB290D2A19B2C6E3004C83CF /* MainFrameViewController.h */ = {isa = PBXFileReference; fileEncoding = 4; lastKnownFileType = sourcecode.c.h; path = MainFrameViewController.h; sourceTree = "<group>"; };
		FB290D2B19B2C6E3004C83CF /* MainFrameViewController.m */ = {isa = PBXFileReference; fileEncoding = 4; lastKnownFileType = sourcecode.c.objc; path = MainFrameViewController.m; sourceTree = "<group>"; };
		FB290D2C19B2C6E3004C83CF /* StreamFrameViewController.h */ = {isa = PBXFileReference; fileEncoding = 4; lastKnownFileType = sourcecode.c.h; path = StreamFrameViewController.h; sourceTree = "<group>"; };
		FB290D2D19B2C6E3004C83CF /* StreamFrameViewController.m */ = {isa = PBXFileReference; fileEncoding = 4; lastKnownFileType = sourcecode.c.objc; path = StreamFrameViewController.m; sourceTree = "<group>"; };
		FB290DA919B2C814004C83CF /* Limelight.h */ = {isa = PBXFileReference; fileEncoding = 4; lastKnownFileType = sourcecode.c.h; path = Limelight.h; sourceTree = "<group>"; };
		FB290DAB19B2C814004C83CF /* liblimelight-common.a */ = {isa = PBXFileReference; lastKnownFileType = archive.ar; path = "liblimelight-common.a"; sourceTree = "<group>"; };
		FB290DB619B2C870004C83CF /* libz.dylib */ = {isa = PBXFileReference; lastKnownFileType = "compiled.mach-o.dylib"; name = libz.dylib; path = usr/lib/libz.dylib; sourceTree = SDKROOT; };
		FB290DB819B2C877004C83CF /* libbz2.dylib */ = {isa = PBXFileReference; lastKnownFileType = "compiled.mach-o.dylib"; name = libbz2.dylib; path = usr/lib/libbz2.dylib; sourceTree = SDKROOT; };
		FB290DBC19B2E966004C83CF /* opus.h */ = {isa = PBXFileReference; fileEncoding = 4; lastKnownFileType = sourcecode.c.h; path = opus.h; sourceTree = "<group>"; };
		FB290DBD19B2E966004C83CF /* opus_defines.h */ = {isa = PBXFileReference; fileEncoding = 4; lastKnownFileType = sourcecode.c.h; path = opus_defines.h; sourceTree = "<group>"; };
		FB290DBE19B2E966004C83CF /* opus_multistream.h */ = {isa = PBXFileReference; fileEncoding = 4; lastKnownFileType = sourcecode.c.h; path = opus_multistream.h; sourceTree = "<group>"; };
		FB290DBF19B2E966004C83CF /* opus_types.h */ = {isa = PBXFileReference; fileEncoding = 4; lastKnownFileType = sourcecode.c.h; path = opus_types.h; sourceTree = "<group>"; };
		FB290DC119B2E966004C83CF /* libopus.a */ = {isa = PBXFileReference; lastKnownFileType = archive.ar; path = libopus.a; sourceTree = "<group>"; };
		FB290DC319B2E98F004C83CF /* libxml2.dylib */ = {isa = PBXFileReference; lastKnownFileType = "compiled.mach-o.dylib"; name = libxml2.dylib; path = usr/lib/libxml2.dylib; sourceTree = SDKROOT; };
		FB290E7819B37D81004C83CF /* MainFrame-iPad.storyboard */ = {isa = PBXFileReference; fileEncoding = 4; lastKnownFileType = file.storyboard; path = "MainFrame-iPad.storyboard"; sourceTree = SOURCE_ROOT; };
		FB290E7A19B38036004C83CF /* MainFrame-iPhone.storyboard */ = {isa = PBXFileReference; fileEncoding = 4; lastKnownFileType = file.storyboard; path = "MainFrame-iPhone.storyboard"; sourceTree = SOURCE_ROOT; };
		FB63FCF019F43EBC00227761 /* PairManager.h */ = {isa = PBXFileReference; fileEncoding = 4; lastKnownFileType = sourcecode.c.h; path = PairManager.h; sourceTree = "<group>"; };
		FB63FCF119F43EBC00227761 /* PairManager.m */ = {isa = PBXFileReference; fileEncoding = 4; lastKnownFileType = sourcecode.c.objc; path = PairManager.m; sourceTree = "<group>"; };
		FB7E794319C8B71B00A15F68 /* libiconv.dylib */ = {isa = PBXFileReference; lastKnownFileType = "compiled.mach-o.dylib"; name = libiconv.dylib; path = usr/lib/libiconv.dylib; sourceTree = SDKROOT; };
		FBAB29F119EDB08B00929691 /* MDNSManager.m */ = {isa = PBXFileReference; fileEncoding = 4; lastKnownFileType = sourcecode.c.objc; path = MDNSManager.m; sourceTree = "<group>"; };
		FBAB29F319EDB0C400929691 /* MDNSManager.h */ = {isa = PBXFileReference; fileEncoding = 4; lastKnownFileType = sourcecode.c.h; path = MDNSManager.h; sourceTree = "<group>"; };
		FBAB29F419EDE0F800929691 /* Computer.h */ = {isa = PBXFileReference; fileEncoding = 4; lastKnownFileType = sourcecode.c.h; path = Computer.h; sourceTree = "<group>"; };
		FBAB29F519EDE0F800929691 /* Computer.m */ = {isa = PBXFileReference; fileEncoding = 4; lastKnownFileType = sourcecode.c.objc; path = Computer.m; sourceTree = "<group>"; };
		FBAB29FA19EE13AA00929691 /* CryptoManager.h */ = {isa = PBXFileReference; fileEncoding = 4; lastKnownFileType = sourcecode.c.h; path = CryptoManager.h; sourceTree = "<group>"; };
		FBAB29FB19EE13AA00929691 /* CryptoManager.m */ = {isa = PBXFileReference; fileEncoding = 4; lastKnownFileType = sourcecode.c.objc; path = CryptoManager.m; sourceTree = "<group>"; };
		FBC8622B19F0BEFB0087327B /* HttpManager.h */ = {isa = PBXFileReference; fileEncoding = 4; lastKnownFileType = sourcecode.c.h; path = HttpManager.h; sourceTree = "<group>"; };
		FBC8622C19F0BEFB0087327B /* HttpManager.m */ = {isa = PBXFileReference; fileEncoding = 4; lastKnownFileType = sourcecode.c.objc; path = HttpManager.m; sourceTree = "<group>"; };
		FBC8622E19F346A60087327B /* limelight-common.xcodeproj */ = {isa = PBXFileReference; lastKnownFileType = "wrapper.pb-project"; name = "limelight-common.xcodeproj"; path = "../../limelight-common-c/limelight-common.xcodeproj"; sourceTree = "<group>"; };
		FBCC0E4C19EF9703009729EB /* aes.h */ = {isa = PBXFileReference; fileEncoding = 4; lastKnownFileType = sourcecode.c.h; path = aes.h; sourceTree = "<group>"; };
		FBCC0E4D19EF9703009729EB /* asn1.h */ = {isa = PBXFileReference; fileEncoding = 4; lastKnownFileType = sourcecode.c.h; path = asn1.h; sourceTree = "<group>"; };
		FBCC0E4E19EF9703009729EB /* asn1_mac.h */ = {isa = PBXFileReference; fileEncoding = 4; lastKnownFileType = sourcecode.c.h; path = asn1_mac.h; sourceTree = "<group>"; };
		FBCC0E4F19EF9703009729EB /* asn1t.h */ = {isa = PBXFileReference; fileEncoding = 4; lastKnownFileType = sourcecode.c.h; path = asn1t.h; sourceTree = "<group>"; };
		FBCC0E5019EF9703009729EB /* bio.h */ = {isa = PBXFileReference; fileEncoding = 4; lastKnownFileType = sourcecode.c.h; path = bio.h; sourceTree = "<group>"; };
		FBCC0E5119EF9703009729EB /* blowfish.h */ = {isa = PBXFileReference; fileEncoding = 4; lastKnownFileType = sourcecode.c.h; path = blowfish.h; sourceTree = "<group>"; };
		FBCC0E5219EF9703009729EB /* bn.h */ = {isa = PBXFileReference; fileEncoding = 4; lastKnownFileType = sourcecode.c.h; path = bn.h; sourceTree = "<group>"; };
		FBCC0E5319EF9703009729EB /* buffer.h */ = {isa = PBXFileReference; fileEncoding = 4; lastKnownFileType = sourcecode.c.h; path = buffer.h; sourceTree = "<group>"; };
		FBCC0E5419EF9703009729EB /* camellia.h */ = {isa = PBXFileReference; fileEncoding = 4; lastKnownFileType = sourcecode.c.h; path = camellia.h; sourceTree = "<group>"; };
		FBCC0E5519EF9703009729EB /* cast.h */ = {isa = PBXFileReference; fileEncoding = 4; lastKnownFileType = sourcecode.c.h; path = cast.h; sourceTree = "<group>"; };
		FBCC0E5619EF9703009729EB /* cmac.h */ = {isa = PBXFileReference; fileEncoding = 4; lastKnownFileType = sourcecode.c.h; path = cmac.h; sourceTree = "<group>"; };
		FBCC0E5719EF9703009729EB /* cms.h */ = {isa = PBXFileReference; fileEncoding = 4; lastKnownFileType = sourcecode.c.h; path = cms.h; sourceTree = "<group>"; };
		FBCC0E5819EF9703009729EB /* comp.h */ = {isa = PBXFileReference; fileEncoding = 4; lastKnownFileType = sourcecode.c.h; path = comp.h; sourceTree = "<group>"; };
		FBCC0E5919EF9703009729EB /* conf.h */ = {isa = PBXFileReference; fileEncoding = 4; lastKnownFileType = sourcecode.c.h; path = conf.h; sourceTree = "<group>"; };
		FBCC0E5A19EF9703009729EB /* conf_api.h */ = {isa = PBXFileReference; fileEncoding = 4; lastKnownFileType = sourcecode.c.h; path = conf_api.h; sourceTree = "<group>"; };
		FBCC0E5B19EF9703009729EB /* crypto.h */ = {isa = PBXFileReference; fileEncoding = 4; lastKnownFileType = sourcecode.c.h; path = crypto.h; sourceTree = "<group>"; };
		FBCC0E5C19EF9703009729EB /* des.h */ = {isa = PBXFileReference; fileEncoding = 4; lastKnownFileType = sourcecode.c.h; path = des.h; sourceTree = "<group>"; };
		FBCC0E5D19EF9703009729EB /* des_old.h */ = {isa = PBXFileReference; fileEncoding = 4; lastKnownFileType = sourcecode.c.h; path = des_old.h; sourceTree = "<group>"; };
		FBCC0E5E19EF9703009729EB /* dh.h */ = {isa = PBXFileReference; fileEncoding = 4; lastKnownFileType = sourcecode.c.h; path = dh.h; sourceTree = "<group>"; };
		FBCC0E5F19EF9703009729EB /* dsa.h */ = {isa = PBXFileReference; fileEncoding = 4; lastKnownFileType = sourcecode.c.h; path = dsa.h; sourceTree = "<group>"; };
		FBCC0E6019EF9703009729EB /* dso.h */ = {isa = PBXFileReference; fileEncoding = 4; lastKnownFileType = sourcecode.c.h; path = dso.h; sourceTree = "<group>"; };
		FBCC0E6119EF9703009729EB /* dtls1.h */ = {isa = PBXFileReference; fileEncoding = 4; lastKnownFileType = sourcecode.c.h; path = dtls1.h; sourceTree = "<group>"; };
		FBCC0E6219EF9703009729EB /* e_os2.h */ = {isa = PBXFileReference; fileEncoding = 4; lastKnownFileType = sourcecode.c.h; path = e_os2.h; sourceTree = "<group>"; };
		FBCC0E6319EF9703009729EB /* ebcdic.h */ = {isa = PBXFileReference; fileEncoding = 4; lastKnownFileType = sourcecode.c.h; path = ebcdic.h; sourceTree = "<group>"; };
		FBCC0E6419EF9703009729EB /* ec.h */ = {isa = PBXFileReference; fileEncoding = 4; lastKnownFileType = sourcecode.c.h; path = ec.h; sourceTree = "<group>"; };
		FBCC0E6519EF9703009729EB /* ecdh.h */ = {isa = PBXFileReference; fileEncoding = 4; lastKnownFileType = sourcecode.c.h; path = ecdh.h; sourceTree = "<group>"; };
		FBCC0E6619EF9703009729EB /* ecdsa.h */ = {isa = PBXFileReference; fileEncoding = 4; lastKnownFileType = sourcecode.c.h; path = ecdsa.h; sourceTree = "<group>"; };
		FBCC0E6719EF9703009729EB /* engine.h */ = {isa = PBXFileReference; fileEncoding = 4; lastKnownFileType = sourcecode.c.h; path = engine.h; sourceTree = "<group>"; };
		FBCC0E6819EF9703009729EB /* err.h */ = {isa = PBXFileReference; fileEncoding = 4; lastKnownFileType = sourcecode.c.h; path = err.h; sourceTree = "<group>"; };
		FBCC0E6919EF9703009729EB /* evp.h */ = {isa = PBXFileReference; fileEncoding = 4; lastKnownFileType = sourcecode.c.h; path = evp.h; sourceTree = "<group>"; };
		FBCC0E6A19EF9703009729EB /* hmac.h */ = {isa = PBXFileReference; fileEncoding = 4; lastKnownFileType = sourcecode.c.h; path = hmac.h; sourceTree = "<group>"; };
		FBCC0E6B19EF9703009729EB /* idea.h */ = {isa = PBXFileReference; fileEncoding = 4; lastKnownFileType = sourcecode.c.h; path = idea.h; sourceTree = "<group>"; };
		FBCC0E6C19EF9703009729EB /* krb5_asn.h */ = {isa = PBXFileReference; fileEncoding = 4; lastKnownFileType = sourcecode.c.h; path = krb5_asn.h; sourceTree = "<group>"; };
		FBCC0E6D19EF9703009729EB /* kssl.h */ = {isa = PBXFileReference; fileEncoding = 4; lastKnownFileType = sourcecode.c.h; path = kssl.h; sourceTree = "<group>"; };
		FBCC0E6E19EF9703009729EB /* lhash.h */ = {isa = PBXFileReference; fileEncoding = 4; lastKnownFileType = sourcecode.c.h; path = lhash.h; sourceTree = "<group>"; };
		FBCC0E6F19EF9703009729EB /* md4.h */ = {isa = PBXFileReference; fileEncoding = 4; lastKnownFileType = sourcecode.c.h; path = md4.h; sourceTree = "<group>"; };
		FBCC0E7019EF9703009729EB /* md5.h */ = {isa = PBXFileReference; fileEncoding = 4; lastKnownFileType = sourcecode.c.h; path = md5.h; sourceTree = "<group>"; };
		FBCC0E7119EF9703009729EB /* mdc2.h */ = {isa = PBXFileReference; fileEncoding = 4; lastKnownFileType = sourcecode.c.h; path = mdc2.h; sourceTree = "<group>"; };
		FBCC0E7219EF9703009729EB /* modes.h */ = {isa = PBXFileReference; fileEncoding = 4; lastKnownFileType = sourcecode.c.h; path = modes.h; sourceTree = "<group>"; };
		FBCC0E7319EF9703009729EB /* obj_mac.h */ = {isa = PBXFileReference; fileEncoding = 4; lastKnownFileType = sourcecode.c.h; path = obj_mac.h; sourceTree = "<group>"; };
		FBCC0E7419EF9703009729EB /* objects.h */ = {isa = PBXFileReference; fileEncoding = 4; lastKnownFileType = sourcecode.c.h; path = objects.h; sourceTree = "<group>"; };
		FBCC0E7519EF9703009729EB /* ocsp.h */ = {isa = PBXFileReference; fileEncoding = 4; lastKnownFileType = sourcecode.c.h; path = ocsp.h; sourceTree = "<group>"; };
		FBCC0E7619EF9703009729EB /* opensslconf.h */ = {isa = PBXFileReference; fileEncoding = 4; lastKnownFileType = sourcecode.c.h; path = opensslconf.h; sourceTree = "<group>"; };
		FBCC0E7719EF9703009729EB /* opensslv.h */ = {isa = PBXFileReference; fileEncoding = 4; lastKnownFileType = sourcecode.c.h; path = opensslv.h; sourceTree = "<group>"; };
		FBCC0E7819EF9703009729EB /* ossl_typ.h */ = {isa = PBXFileReference; fileEncoding = 4; lastKnownFileType = sourcecode.c.h; path = ossl_typ.h; sourceTree = "<group>"; };
		FBCC0E7919EF9703009729EB /* pem.h */ = {isa = PBXFileReference; fileEncoding = 4; lastKnownFileType = sourcecode.c.h; path = pem.h; sourceTree = "<group>"; };
		FBCC0E7A19EF9703009729EB /* pem2.h */ = {isa = PBXFileReference; fileEncoding = 4; lastKnownFileType = sourcecode.c.h; path = pem2.h; sourceTree = "<group>"; };
		FBCC0E7B19EF9703009729EB /* pkcs12.h */ = {isa = PBXFileReference; fileEncoding = 4; lastKnownFileType = sourcecode.c.h; path = pkcs12.h; sourceTree = "<group>"; };
		FBCC0E7C19EF9703009729EB /* pkcs7.h */ = {isa = PBXFileReference; fileEncoding = 4; lastKnownFileType = sourcecode.c.h; path = pkcs7.h; sourceTree = "<group>"; };
		FBCC0E7D19EF9703009729EB /* pqueue.h */ = {isa = PBXFileReference; fileEncoding = 4; lastKnownFileType = sourcecode.c.h; path = pqueue.h; sourceTree = "<group>"; };
		FBCC0E7E19EF9703009729EB /* rand.h */ = {isa = PBXFileReference; fileEncoding = 4; lastKnownFileType = sourcecode.c.h; path = rand.h; sourceTree = "<group>"; };
		FBCC0E7F19EF9703009729EB /* rc2.h */ = {isa = PBXFileReference; fileEncoding = 4; lastKnownFileType = sourcecode.c.h; path = rc2.h; sourceTree = "<group>"; };
		FBCC0E8019EF9703009729EB /* rc4.h */ = {isa = PBXFileReference; fileEncoding = 4; lastKnownFileType = sourcecode.c.h; path = rc4.h; sourceTree = "<group>"; };
		FBCC0E8119EF9703009729EB /* ripemd.h */ = {isa = PBXFileReference; fileEncoding = 4; lastKnownFileType = sourcecode.c.h; path = ripemd.h; sourceTree = "<group>"; };
		FBCC0E8219EF9703009729EB /* rsa.h */ = {isa = PBXFileReference; fileEncoding = 4; lastKnownFileType = sourcecode.c.h; path = rsa.h; sourceTree = "<group>"; };
		FBCC0E8319EF9703009729EB /* safestack.h */ = {isa = PBXFileReference; fileEncoding = 4; lastKnownFileType = sourcecode.c.h; path = safestack.h; sourceTree = "<group>"; };
		FBCC0E8419EF9703009729EB /* seed.h */ = {isa = PBXFileReference; fileEncoding = 4; lastKnownFileType = sourcecode.c.h; path = seed.h; sourceTree = "<group>"; };
		FBCC0E8519EF9703009729EB /* sha.h */ = {isa = PBXFileReference; fileEncoding = 4; lastKnownFileType = sourcecode.c.h; path = sha.h; sourceTree = "<group>"; };
		FBCC0E8619EF9703009729EB /* srp.h */ = {isa = PBXFileReference; fileEncoding = 4; lastKnownFileType = sourcecode.c.h; path = srp.h; sourceTree = "<group>"; };
		FBCC0E8719EF9703009729EB /* srtp.h */ = {isa = PBXFileReference; fileEncoding = 4; lastKnownFileType = sourcecode.c.h; path = srtp.h; sourceTree = "<group>"; };
		FBCC0E8819EF9703009729EB /* ssl.h */ = {isa = PBXFileReference; fileEncoding = 4; lastKnownFileType = sourcecode.c.h; path = ssl.h; sourceTree = "<group>"; };
		FBCC0E8919EF9703009729EB /* ssl2.h */ = {isa = PBXFileReference; fileEncoding = 4; lastKnownFileType = sourcecode.c.h; path = ssl2.h; sourceTree = "<group>"; };
		FBCC0E8A19EF9703009729EB /* ssl23.h */ = {isa = PBXFileReference; fileEncoding = 4; lastKnownFileType = sourcecode.c.h; path = ssl23.h; sourceTree = "<group>"; };
		FBCC0E8B19EF9703009729EB /* ssl3.h */ = {isa = PBXFileReference; fileEncoding = 4; lastKnownFileType = sourcecode.c.h; path = ssl3.h; sourceTree = "<group>"; };
		FBCC0E8C19EF9703009729EB /* stack.h */ = {isa = PBXFileReference; fileEncoding = 4; lastKnownFileType = sourcecode.c.h; path = stack.h; sourceTree = "<group>"; };
		FBCC0E8D19EF9703009729EB /* symhacks.h */ = {isa = PBXFileReference; fileEncoding = 4; lastKnownFileType = sourcecode.c.h; path = symhacks.h; sourceTree = "<group>"; };
		FBCC0E8E19EF9703009729EB /* tls1.h */ = {isa = PBXFileReference; fileEncoding = 4; lastKnownFileType = sourcecode.c.h; path = tls1.h; sourceTree = "<group>"; };
		FBCC0E8F19EF9703009729EB /* ts.h */ = {isa = PBXFileReference; fileEncoding = 4; lastKnownFileType = sourcecode.c.h; path = ts.h; sourceTree = "<group>"; };
		FBCC0E9019EF9703009729EB /* txt_db.h */ = {isa = PBXFileReference; fileEncoding = 4; lastKnownFileType = sourcecode.c.h; path = txt_db.h; sourceTree = "<group>"; };
		FBCC0E9119EF9703009729EB /* ui.h */ = {isa = PBXFileReference; fileEncoding = 4; lastKnownFileType = sourcecode.c.h; path = ui.h; sourceTree = "<group>"; };
		FBCC0E9219EF9703009729EB /* ui_compat.h */ = {isa = PBXFileReference; fileEncoding = 4; lastKnownFileType = sourcecode.c.h; path = ui_compat.h; sourceTree = "<group>"; };
		FBCC0E9319EF9703009729EB /* whrlpool.h */ = {isa = PBXFileReference; fileEncoding = 4; lastKnownFileType = sourcecode.c.h; path = whrlpool.h; sourceTree = "<group>"; };
		FBCC0E9419EF9703009729EB /* x509.h */ = {isa = PBXFileReference; fileEncoding = 4; lastKnownFileType = sourcecode.c.h; path = x509.h; sourceTree = "<group>"; };
		FBCC0E9519EF9703009729EB /* x509_vfy.h */ = {isa = PBXFileReference; fileEncoding = 4; lastKnownFileType = sourcecode.c.h; path = x509_vfy.h; sourceTree = "<group>"; };
		FBCC0E9619EF9703009729EB /* x509v3.h */ = {isa = PBXFileReference; fileEncoding = 4; lastKnownFileType = sourcecode.c.h; path = x509v3.h; sourceTree = "<group>"; };
		FBCC0E9819EF9703009729EB /* libcrypto.a */ = {isa = PBXFileReference; lastKnownFileType = archive.ar; path = libcrypto.a; sourceTree = "<group>"; };
		FBCC0E9919EF9703009729EB /* libssl.a */ = {isa = PBXFileReference; lastKnownFileType = archive.ar; path = libssl.a; sourceTree = "<group>"; };
		FBCC0E9C19F00659009729EB /* mkcert.c */ = {isa = PBXFileReference; fileEncoding = 4; lastKnownFileType = sourcecode.c.c; path = mkcert.c; sourceTree = "<group>"; };
		FBCC0E9E19F00697009729EB /* mkcert.h */ = {isa = PBXFileReference; fileEncoding = 4; lastKnownFileType = sourcecode.c.h; path = mkcert.h; sourceTree = "<group>"; };
/* End PBXFileReference section */

/* Begin PBXFrameworksBuildPhase section */
		FB290CEB19B2C406004C83CF /* Frameworks */ = {
			isa = PBXFrameworksBuildPhase;
			buildActionMask = 2147483647;
			files = (
				98A03B5119F35AAC00861ACA /* libcrypto.a in Frameworks */,
				98A03B4D19F352EB00861ACA /* liblimelight-common.a in Frameworks */,
				FBCC0E9B19EF9703009729EB /* libssl.a in Frameworks */,
				FB7E794419C8B71B00A15F68 /* libiconv.dylib in Frameworks */,
				FB290DC419B2E98F004C83CF /* libxml2.dylib in Frameworks */,
				FB290DB919B2C877004C83CF /* libbz2.dylib in Frameworks */,
				FB290DB719B2C870004C83CF /* libz.dylib in Frameworks */,
				FB290CF419B2C406004C83CF /* CoreGraphics.framework in Frameworks */,
				FB290DC219B2E966004C83CF /* libopus.a in Frameworks */,
				FB290CF819B2C406004C83CF /* CoreData.framework in Frameworks */,
				FB290CF619B2C406004C83CF /* UIKit.framework in Frameworks */,
				FB290CF219B2C406004C83CF /* Foundation.framework in Frameworks */,
			);
			runOnlyForDeploymentPostprocessing = 0;
		};
		FB290D0B19B2C406004C83CF /* Frameworks */ = {
			isa = PBXFrameworksBuildPhase;
			buildActionMask = 2147483647;
			files = (
				FB290D1019B2C406004C83CF /* XCTest.framework in Frameworks */,
				FB290D1319B2C406004C83CF /* CoreData.framework in Frameworks */,
				FB290D1219B2C406004C83CF /* UIKit.framework in Frameworks */,
				FB290D1119B2C406004C83CF /* Foundation.framework in Frameworks */,
			);
			runOnlyForDeploymentPostprocessing = 0;
		};
/* End PBXFrameworksBuildPhase section */

/* Begin PBXGroup section */
		98A03B4619F3514B00861ACA /* Products */ = {
			isa = PBXGroup;
			children = (
				98A03B4A19F3514B00861ACA /* liblimelight-common.a */,
			);
			name = Products;
			sourceTree = "<group>";
		};
		FB290CE519B2C406004C83CF = {
			isa = PBXGroup;
			children = (
				98A03B4519F3514B00861ACA /* limelight-common.xcodeproj */,
				FB290CF919B2C406004C83CF /* Limelight */,
				FB290D1619B2C406004C83CF /* LimelightTests */,
				FB290CF019B2C406004C83CF /* Frameworks */,
				FB290CEF19B2C406004C83CF /* Products */,
			);
			sourceTree = "<group>";
		};
		FB290CEF19B2C406004C83CF /* Products */ = {
			isa = PBXGroup;
			children = (
				FB290CEE19B2C406004C83CF /* Limelight.app */,
				FB290D0E19B2C406004C83CF /* LimelightTests.xctest */,
			);
			name = Products;
			sourceTree = "<group>";
		};
		FB290CF019B2C406004C83CF /* Frameworks */ = {
			isa = PBXGroup;
			children = (
				FBC8622E19F346A60087327B /* limelight-common.xcodeproj */,
				FB7E794319C8B71B00A15F68 /* libiconv.dylib */,
				FB290DC319B2E98F004C83CF /* libxml2.dylib */,
				FB290DB819B2C877004C83CF /* libbz2.dylib */,
				FB290DB619B2C870004C83CF /* libz.dylib */,
				FB290D3F19B2C814004C83CF /* libs */,
				FB290CF119B2C406004C83CF /* Foundation.framework */,
				FB290CF319B2C406004C83CF /* CoreGraphics.framework */,
				FB290CF519B2C406004C83CF /* UIKit.framework */,
				FB290CF719B2C406004C83CF /* CoreData.framework */,
				FB290D0F19B2C406004C83CF /* XCTest.framework */,
			);
			name = Frameworks;
			sourceTree = "<group>";
		};
		FB290CF919B2C406004C83CF /* Limelight */ = {
			isa = PBXGroup;
			children = (
				FB63FCF019F43EBC00227761 /* PairManager.h */,
				FB63FCF119F43EBC00227761 /* PairManager.m */,
				FB290D3019B2C6E3004C83CF /* Video */,
				FB290D2619B2C6E3004C83CF /* Connection.h */,
				FB290D2719B2C6E3004C83CF /* Connection.m */,
				FB290D2819B2C6E3004C83CF /* ConnectionHandler.h */,
				FB290D2919B2C6E3004C83CF /* ConnectionHandler.m */,
				FB290D2A19B2C6E3004C83CF /* MainFrameViewController.h */,
				FB290D2B19B2C6E3004C83CF /* MainFrameViewController.m */,
				FB290D2C19B2C6E3004C83CF /* StreamFrameViewController.h */,
				FB290D2D19B2C6E3004C83CF /* StreamFrameViewController.m */,
				FB290D0219B2C406004C83CF /* AppDelegate.h */,
				FB290D0319B2C406004C83CF /* AppDelegate.m */,
				FB290E7819B37D81004C83CF /* MainFrame-iPad.storyboard */,
				FB290E7A19B38036004C83CF /* MainFrame-iPhone.storyboard */,
				FB290D0819B2C406004C83CF /* Images.xcassets */,
				FB290D0519B2C406004C83CF /* Limelight.xcdatamodeld */,
				FB290CFA19B2C406004C83CF /* Supporting Files */,
				FBAB29F119EDB08B00929691 /* MDNSManager.m */,
				FBAB29F319EDB0C400929691 /* MDNSManager.h */,
				FBAB29F419EDE0F800929691 /* Computer.h */,
				FBAB29F519EDE0F800929691 /* Computer.m */,
				FBAB29FA19EE13AA00929691 /* CryptoManager.h */,
				FBAB29FB19EE13AA00929691 /* CryptoManager.m */,
				FBCC0E9E19F00697009729EB /* mkcert.h */,
				FBCC0E9C19F00659009729EB /* mkcert.c */,
				FBC8622B19F0BEFB0087327B /* HttpManager.h */,
				FBC8622C19F0BEFB0087327B /* HttpManager.m */,
				984C441619F48D1D0061A500 /* StreamView.h */,
				984C441719F48D1D0061A500 /* StreamView.m */,
			);
			path = Limelight;
			sourceTree = "<group>";
		};
		FB290CFA19B2C406004C83CF /* Supporting Files */ = {
			isa = PBXGroup;
			children = (
				FB290CFB19B2C406004C83CF /* Limelight-Info.plist */,
				FB290CFC19B2C406004C83CF /* InfoPlist.strings */,
				FB290CFF19B2C406004C83CF /* main.m */,
				FB290D0119B2C406004C83CF /* Limelight-Prefix.pch */,
			);
			name = "Supporting Files";
			sourceTree = "<group>";
		};
		FB290D1619B2C406004C83CF /* LimelightTests */ = {
			isa = PBXGroup;
			children = (
				FB290D1C19B2C406004C83CF /* LimelightTests.m */,
				FB290D1719B2C406004C83CF /* Supporting Files */,
			);
			path = LimelightTests;
			sourceTree = "<group>";
		};
		FB290D1719B2C406004C83CF /* Supporting Files */ = {
			isa = PBXGroup;
			children = (
				FB290D1819B2C406004C83CF /* LimelightTests-Info.plist */,
				FB290D1919B2C406004C83CF /* InfoPlist.strings */,
			);
			name = "Supporting Files";
			sourceTree = "<group>";
		};
		FB290D3019B2C6E3004C83CF /* Video */ = {
			isa = PBXGroup;
			children = (
				98A03B4E19F3598400861ACA /* VideoDecoderRenderer.h */,
				98A03B4F19F3598400861ACA /* VideoDecoderRenderer.m */,
			);
			path = Video;
			sourceTree = "<group>";
		};
		FB290D3F19B2C814004C83CF /* libs */ = {
			isa = PBXGroup;
			children = (
				FBCC0E4919EF9703009729EB /* openssl */,
				FB290DA719B2C814004C83CF /* limelight-common */,
				FB290DAC19B2C814004C83CF /* opus */,
			);
			path = libs;
			sourceTree = "<group>";
		};
		FB290DA719B2C814004C83CF /* limelight-common */ = {
			isa = PBXGroup;
			children = (
				FB290DA819B2C814004C83CF /* include */,
				FB290DAA19B2C814004C83CF /* lib */,
			);
			path = "limelight-common";
			sourceTree = "<group>";
		};
		FB290DA819B2C814004C83CF /* include */ = {
			isa = PBXGroup;
			children = (
				FB290DA919B2C814004C83CF /* Limelight.h */,
			);
			path = include;
			sourceTree = "<group>";
		};
		FB290DAA19B2C814004C83CF /* lib */ = {
			isa = PBXGroup;
			children = (
				FB290DAB19B2C814004C83CF /* liblimelight-common.a */,
			);
			path = lib;
			sourceTree = "<group>";
		};
		FB290DAC19B2C814004C83CF /* opus */ = {
			isa = PBXGroup;
			children = (
				FB290DBA19B2E966004C83CF /* include */,
				FB290DC019B2E966004C83CF /* lib */,
			);
			path = opus;
			sourceTree = "<group>";
		};
		FB290DBA19B2E966004C83CF /* include */ = {
			isa = PBXGroup;
			children = (
				FB290DBB19B2E966004C83CF /* opus */,
			);
			path = include;
			sourceTree = "<group>";
		};
		FB290DBB19B2E966004C83CF /* opus */ = {
			isa = PBXGroup;
			children = (
				FB290DBC19B2E966004C83CF /* opus.h */,
				FB290DBD19B2E966004C83CF /* opus_defines.h */,
				FB290DBE19B2E966004C83CF /* opus_multistream.h */,
				FB290DBF19B2E966004C83CF /* opus_types.h */,
			);
			path = opus;
			sourceTree = "<group>";
		};
		FB290DC019B2E966004C83CF /* lib */ = {
			isa = PBXGroup;
			children = (
				FB290DC119B2E966004C83CF /* libopus.a */,
			);
			path = lib;
			sourceTree = "<group>";
		};
		FBC8622F19F346A60087327B /* Products */ = {
			isa = PBXGroup;
			children = (
				FBC8623319F346A60087327B /* liblimelight-common.a */,
			);
			name = Products;
			sourceTree = "<group>";
		};
		FBCC0E4919EF9703009729EB /* openssl */ = {
			isa = PBXGroup;
			children = (
				FBCC0E4A19EF9703009729EB /* include */,
				FBCC0E9719EF9703009729EB /* lib */,
			);
			path = openssl;
			sourceTree = "<group>";
		};
		FBCC0E4A19EF9703009729EB /* include */ = {
			isa = PBXGroup;
			children = (
				FBCC0E4B19EF9703009729EB /* openssl */,
			);
			path = include;
			sourceTree = "<group>";
		};
		FBCC0E4B19EF9703009729EB /* openssl */ = {
			isa = PBXGroup;
			children = (
				FBCC0E4C19EF9703009729EB /* aes.h */,
				FBCC0E4D19EF9703009729EB /* asn1.h */,
				FBCC0E4E19EF9703009729EB /* asn1_mac.h */,
				FBCC0E4F19EF9703009729EB /* asn1t.h */,
				FBCC0E5019EF9703009729EB /* bio.h */,
				FBCC0E5119EF9703009729EB /* blowfish.h */,
				FBCC0E5219EF9703009729EB /* bn.h */,
				FBCC0E5319EF9703009729EB /* buffer.h */,
				FBCC0E5419EF9703009729EB /* camellia.h */,
				FBCC0E5519EF9703009729EB /* cast.h */,
				FBCC0E5619EF9703009729EB /* cmac.h */,
				FBCC0E5719EF9703009729EB /* cms.h */,
				FBCC0E5819EF9703009729EB /* comp.h */,
				FBCC0E5919EF9703009729EB /* conf.h */,
				FBCC0E5A19EF9703009729EB /* conf_api.h */,
				FBCC0E5B19EF9703009729EB /* crypto.h */,
				FBCC0E5C19EF9703009729EB /* des.h */,
				FBCC0E5D19EF9703009729EB /* des_old.h */,
				FBCC0E5E19EF9703009729EB /* dh.h */,
				FBCC0E5F19EF9703009729EB /* dsa.h */,
				FBCC0E6019EF9703009729EB /* dso.h */,
				FBCC0E6119EF9703009729EB /* dtls1.h */,
				FBCC0E6219EF9703009729EB /* e_os2.h */,
				FBCC0E6319EF9703009729EB /* ebcdic.h */,
				FBCC0E6419EF9703009729EB /* ec.h */,
				FBCC0E6519EF9703009729EB /* ecdh.h */,
				FBCC0E6619EF9703009729EB /* ecdsa.h */,
				FBCC0E6719EF9703009729EB /* engine.h */,
				FBCC0E6819EF9703009729EB /* err.h */,
				FBCC0E6919EF9703009729EB /* evp.h */,
				FBCC0E6A19EF9703009729EB /* hmac.h */,
				FBCC0E6B19EF9703009729EB /* idea.h */,
				FBCC0E6C19EF9703009729EB /* krb5_asn.h */,
				FBCC0E6D19EF9703009729EB /* kssl.h */,
				FBCC0E6E19EF9703009729EB /* lhash.h */,
				FBCC0E6F19EF9703009729EB /* md4.h */,
				FBCC0E7019EF9703009729EB /* md5.h */,
				FBCC0E7119EF9703009729EB /* mdc2.h */,
				FBCC0E7219EF9703009729EB /* modes.h */,
				FBCC0E7319EF9703009729EB /* obj_mac.h */,
				FBCC0E7419EF9703009729EB /* objects.h */,
				FBCC0E7519EF9703009729EB /* ocsp.h */,
				FBCC0E7619EF9703009729EB /* opensslconf.h */,
				FBCC0E7719EF9703009729EB /* opensslv.h */,
				FBCC0E7819EF9703009729EB /* ossl_typ.h */,
				FBCC0E7919EF9703009729EB /* pem.h */,
				FBCC0E7A19EF9703009729EB /* pem2.h */,
				FBCC0E7B19EF9703009729EB /* pkcs12.h */,
				FBCC0E7C19EF9703009729EB /* pkcs7.h */,
				FBCC0E7D19EF9703009729EB /* pqueue.h */,
				FBCC0E7E19EF9703009729EB /* rand.h */,
				FBCC0E7F19EF9703009729EB /* rc2.h */,
				FBCC0E8019EF9703009729EB /* rc4.h */,
				FBCC0E8119EF9703009729EB /* ripemd.h */,
				FBCC0E8219EF9703009729EB /* rsa.h */,
				FBCC0E8319EF9703009729EB /* safestack.h */,
				FBCC0E8419EF9703009729EB /* seed.h */,
				FBCC0E8519EF9703009729EB /* sha.h */,
				FBCC0E8619EF9703009729EB /* srp.h */,
				FBCC0E8719EF9703009729EB /* srtp.h */,
				FBCC0E8819EF9703009729EB /* ssl.h */,
				FBCC0E8919EF9703009729EB /* ssl2.h */,
				FBCC0E8A19EF9703009729EB /* ssl23.h */,
				FBCC0E8B19EF9703009729EB /* ssl3.h */,
				FBCC0E8C19EF9703009729EB /* stack.h */,
				FBCC0E8D19EF9703009729EB /* symhacks.h */,
				FBCC0E8E19EF9703009729EB /* tls1.h */,
				FBCC0E8F19EF9703009729EB /* ts.h */,
				FBCC0E9019EF9703009729EB /* txt_db.h */,
				FBCC0E9119EF9703009729EB /* ui.h */,
				FBCC0E9219EF9703009729EB /* ui_compat.h */,
				FBCC0E9319EF9703009729EB /* whrlpool.h */,
				FBCC0E9419EF9703009729EB /* x509.h */,
				FBCC0E9519EF9703009729EB /* x509_vfy.h */,
				FBCC0E9619EF9703009729EB /* x509v3.h */,
			);
			path = openssl;
			sourceTree = "<group>";
		};
		FBCC0E9719EF9703009729EB /* lib */ = {
			isa = PBXGroup;
			children = (
				FBCC0E9819EF9703009729EB /* libcrypto.a */,
				FBCC0E9919EF9703009729EB /* libssl.a */,
			);
			path = lib;
			sourceTree = "<group>";
		};
/* End PBXGroup section */

/* Begin PBXNativeTarget section */
		FB290CED19B2C406004C83CF /* Limelight */ = {
			isa = PBXNativeTarget;
			buildConfigurationList = FB290D2019B2C406004C83CF /* Build configuration list for PBXNativeTarget "Limelight" */;
			buildPhases = (
				FB290CEA19B2C406004C83CF /* Sources */,
				FB290CEB19B2C406004C83CF /* Frameworks */,
				FB290CEC19B2C406004C83CF /* Resources */,
			);
			buildRules = (
			);
			dependencies = (
				98A03B4C19F3517100861ACA /* PBXTargetDependency */,
			);
			name = Limelight;
			productName = Limelight;
			productReference = FB290CEE19B2C406004C83CF /* Limelight.app */;
			productType = "com.apple.product-type.application";
		};
		FB290D0D19B2C406004C83CF /* LimelightTests */ = {
			isa = PBXNativeTarget;
			buildConfigurationList = FB290D2319B2C406004C83CF /* Build configuration list for PBXNativeTarget "LimelightTests" */;
			buildPhases = (
				FB290D0A19B2C406004C83CF /* Sources */,
				FB290D0B19B2C406004C83CF /* Frameworks */,
				FB290D0C19B2C406004C83CF /* Resources */,
			);
			buildRules = (
			);
			dependencies = (
				FB290D1519B2C406004C83CF /* PBXTargetDependency */,
			);
			name = LimelightTests;
			productName = LimelightTests;
			productReference = FB290D0E19B2C406004C83CF /* LimelightTests.xctest */;
			productType = "com.apple.product-type.bundle.unit-test";
		};
/* End PBXNativeTarget section */

/* Begin PBXProject section */
		FB290CE619B2C406004C83CF /* Project object */ = {
			isa = PBXProject;
			attributes = {
				LastUpgradeCheck = 0510;
				ORGANIZATIONNAME = "Limelight Stream";
				TargetAttributes = {
					FB290D0D19B2C406004C83CF = {
						TestTargetID = FB290CED19B2C406004C83CF;
					};
				};
			};
			buildConfigurationList = FB290CE919B2C406004C83CF /* Build configuration list for PBXProject "Limelight" */;
			compatibilityVersion = "Xcode 3.2";
			developmentRegion = English;
			hasScannedForEncodings = 0;
			knownRegions = (
				en,
			);
			mainGroup = FB290CE519B2C406004C83CF;
			productRefGroup = FB290CEF19B2C406004C83CF /* Products */;
			projectDirPath = "";
			projectReferences = (
				{
					ProductGroup = 98A03B4619F3514B00861ACA /* Products */;
					ProjectRef = 98A03B4519F3514B00861ACA /* limelight-common.xcodeproj */;
				},
				{
					ProductGroup = FBC8622F19F346A60087327B /* Products */;
					ProjectRef = FBC8622E19F346A60087327B /* limelight-common.xcodeproj */;
				},
			);
			projectRoot = "";
			targets = (
				FB290CED19B2C406004C83CF /* Limelight */,
				FB290D0D19B2C406004C83CF /* LimelightTests */,
			);
		};
/* End PBXProject section */

/* Begin PBXReferenceProxy section */
		98A03B4A19F3514B00861ACA /* liblimelight-common.a */ = {
			isa = PBXReferenceProxy;
			fileType = archive.ar;
			path = "liblimelight-common.a";
			remoteRef = 98A03B4919F3514B00861ACA /* PBXContainerItemProxy */;
			sourceTree = BUILT_PRODUCTS_DIR;
		};
		FBC8623319F346A60087327B /* liblimelight-common.a */ = {
			isa = PBXReferenceProxy;
			fileType = archive.ar;
			path = "liblimelight-common.a";
			remoteRef = FBC8623219F346A60087327B /* PBXContainerItemProxy */;
			sourceTree = BUILT_PRODUCTS_DIR;
		};
/* End PBXReferenceProxy section */

/* Begin PBXResourcesBuildPhase section */
		FB290CEC19B2C406004C83CF /* Resources */ = {
			isa = PBXResourcesBuildPhase;
			buildActionMask = 2147483647;
			files = (
				FB290E7919B37D81004C83CF /* MainFrame-iPad.storyboard in Resources */,
				FB290CFE19B2C406004C83CF /* InfoPlist.strings in Resources */,
				FB290E7B19B38036004C83CF /* MainFrame-iPhone.storyboard in Resources */,
				FB290D0919B2C406004C83CF /* Images.xcassets in Resources */,
			);
			runOnlyForDeploymentPostprocessing = 0;
		};
		FB290D0C19B2C406004C83CF /* Resources */ = {
			isa = PBXResourcesBuildPhase;
			buildActionMask = 2147483647;
			files = (
				FB290D1B19B2C406004C83CF /* InfoPlist.strings in Resources */,
			);
			runOnlyForDeploymentPostprocessing = 0;
		};
/* End PBXResourcesBuildPhase section */

/* Begin PBXSourcesBuildPhase section */
		FB290CEA19B2C406004C83CF /* Sources */ = {
			isa = PBXSourcesBuildPhase;
			buildActionMask = 2147483647;
			files = (
				FBAB29FC19EE13AA00929691 /* CryptoManager.m in Sources */,
				FB63FCF219F43EBC00227761 /* PairManager.m in Sources */,
				98A03B5019F3598400861ACA /* VideoDecoderRenderer.m in Sources */,
				FBAB29F219EDB08B00929691 /* MDNSManager.m in Sources */,
				FBC8622D19F0BEFB0087327B /* HttpManager.m in Sources */,
				FB290D0719B2C406004C83CF /* Limelight.xcdatamodeld in Sources */,
				FB290D0419B2C406004C83CF /* AppDelegate.m in Sources */,
				FBAB29F619EDE0F800929691 /* Computer.m in Sources */,
				FB290D3A19B2C6E3004C83CF /* StreamFrameViewController.m in Sources */,
				FB290D0019B2C406004C83CF /* main.m in Sources */,
				FB290D3919B2C6E3004C83CF /* MainFrameViewController.m in Sources */,
				984C441819F48D1D0061A500 /* StreamView.m in Sources */,
				FB290D3719B2C6E3004C83CF /* Connection.m in Sources */,
				FBCC0E9D19F00659009729EB /* mkcert.c in Sources */,
				FB290D3819B2C6E3004C83CF /* ConnectionHandler.m in Sources */,
			);
			runOnlyForDeploymentPostprocessing = 0;
		};
		FB290D0A19B2C406004C83CF /* Sources */ = {
			isa = PBXSourcesBuildPhase;
			buildActionMask = 2147483647;
			files = (
				FB290D1D19B2C406004C83CF /* LimelightTests.m in Sources */,
			);
			runOnlyForDeploymentPostprocessing = 0;
		};
/* End PBXSourcesBuildPhase section */

/* Begin PBXTargetDependency section */
		98A03B4C19F3517100861ACA /* PBXTargetDependency */ = {
			isa = PBXTargetDependency;
			name = "limelight-common";
			targetProxy = 98A03B4B19F3517100861ACA /* PBXContainerItemProxy */;
		};
		FB290D1519B2C406004C83CF /* PBXTargetDependency */ = {
			isa = PBXTargetDependency;
			target = FB290CED19B2C406004C83CF /* Limelight */;
			targetProxy = FB290D1419B2C406004C83CF /* PBXContainerItemProxy */;
		};
/* End PBXTargetDependency section */

/* Begin PBXVariantGroup section */
		FB290CFC19B2C406004C83CF /* InfoPlist.strings */ = {
			isa = PBXVariantGroup;
			children = (
				FB290CFD19B2C406004C83CF /* en */,
			);
			name = InfoPlist.strings;
			sourceTree = "<group>";
		};
		FB290D1919B2C406004C83CF /* InfoPlist.strings */ = {
			isa = PBXVariantGroup;
			children = (
				FB290D1A19B2C406004C83CF /* en */,
			);
			name = InfoPlist.strings;
			sourceTree = "<group>";
		};
/* End PBXVariantGroup section */

/* Begin XCBuildConfiguration section */
		FB290D1E19B2C406004C83CF /* Debug */ = {
			isa = XCBuildConfiguration;
			buildSettings = {
				ALWAYS_SEARCH_USER_PATHS = NO;
				CLANG_CXX_LANGUAGE_STANDARD = "gnu++0x";
				CLANG_CXX_LIBRARY = "libc++";
				CLANG_ENABLE_MODULES = YES;
				CLANG_ENABLE_OBJC_ARC = YES;
				CLANG_WARN_BOOL_CONVERSION = YES;
				CLANG_WARN_CONSTANT_CONVERSION = YES;
				CLANG_WARN_DIRECT_OBJC_ISA_USAGE = YES_ERROR;
				CLANG_WARN_EMPTY_BODY = YES;
				CLANG_WARN_ENUM_CONVERSION = YES;
				CLANG_WARN_INT_CONVERSION = YES;
				CLANG_WARN_OBJC_ROOT_CLASS = YES_ERROR;
				CLANG_WARN__DUPLICATE_METHOD_MATCH = YES;
				"CODE_SIGN_IDENTITY[sdk=iphoneos*]" = "iPhone Developer";
				COPY_PHASE_STRIP = NO;
				GCC_C_LANGUAGE_STANDARD = gnu99;
				GCC_DYNAMIC_NO_PIC = NO;
				GCC_OPTIMIZATION_LEVEL = 0;
				GCC_PREPROCESSOR_DEFINITIONS = (
					"DEBUG=1",
					"$(inherited)",
				);
				GCC_SYMBOLS_PRIVATE_EXTERN = NO;
				GCC_WARN_64_TO_32_BIT_CONVERSION = YES;
				GCC_WARN_ABOUT_RETURN_TYPE = YES_ERROR;
				GCC_WARN_UNDECLARED_SELECTOR = YES;
				GCC_WARN_UNINITIALIZED_AUTOS = YES_AGGRESSIVE;
				GCC_WARN_UNUSED_FUNCTION = YES;
				GCC_WARN_UNUSED_VARIABLE = YES;
				IPHONEOS_DEPLOYMENT_TARGET = 8.0;
				ONLY_ACTIVE_ARCH = YES;
				SDKROOT = iphoneos;
				TARGETED_DEVICE_FAMILY = "1,2";
			};
			name = Debug;
		};
		FB290D1F19B2C406004C83CF /* Release */ = {
			isa = XCBuildConfiguration;
			buildSettings = {
				ALWAYS_SEARCH_USER_PATHS = NO;
				CLANG_CXX_LANGUAGE_STANDARD = "gnu++0x";
				CLANG_CXX_LIBRARY = "libc++";
				CLANG_ENABLE_MODULES = YES;
				CLANG_ENABLE_OBJC_ARC = YES;
				CLANG_WARN_BOOL_CONVERSION = YES;
				CLANG_WARN_CONSTANT_CONVERSION = YES;
				CLANG_WARN_DIRECT_OBJC_ISA_USAGE = YES_ERROR;
				CLANG_WARN_EMPTY_BODY = YES;
				CLANG_WARN_ENUM_CONVERSION = YES;
				CLANG_WARN_INT_CONVERSION = YES;
				CLANG_WARN_OBJC_ROOT_CLASS = YES_ERROR;
				CLANG_WARN__DUPLICATE_METHOD_MATCH = YES;
				"CODE_SIGN_IDENTITY[sdk=iphoneos*]" = "iPhone Developer";
				COPY_PHASE_STRIP = YES;
				ENABLE_NS_ASSERTIONS = NO;
				GCC_C_LANGUAGE_STANDARD = gnu99;
				GCC_WARN_64_TO_32_BIT_CONVERSION = YES;
				GCC_WARN_ABOUT_RETURN_TYPE = YES_ERROR;
				GCC_WARN_UNDECLARED_SELECTOR = YES;
				GCC_WARN_UNINITIALIZED_AUTOS = YES_AGGRESSIVE;
				GCC_WARN_UNUSED_FUNCTION = YES;
				GCC_WARN_UNUSED_VARIABLE = YES;
				IPHONEOS_DEPLOYMENT_TARGET = 8.0;
				SDKROOT = iphoneos;
				TARGETED_DEVICE_FAMILY = "1,2";
				VALIDATE_PRODUCT = YES;
			};
			name = Release;
		};
		FB290D2119B2C406004C83CF /* Debug */ = {
			isa = XCBuildConfiguration;
			buildSettings = {
				ASSETCATALOG_COMPILER_APPICON_NAME = AppIcon;
				ASSETCATALOG_COMPILER_LAUNCHIMAGE_NAME = LaunchImage;
				GCC_PRECOMPILE_PREFIX_HEADER = YES;
				GCC_PREFIX_HEADER = "Limelight/Limelight-Prefix.pch";
				HEADER_SEARCH_PATHS = (
					"$(inherited)",
					/Applications/Xcode.app/Contents/Developer/Toolchains/XcodeDefault.xctoolchain/usr/include,
					"$(PROJECT_DIR)/limelight-common-c/limelight-common",
					"$(SDKROOT)/usr/include/libxml2/**",
					"$(PROJECT_DIR)/libs/**",
				);
				INFOPLIST_FILE = "Limelight/Limelight-Info.plist";
				LIBRARY_SEARCH_PATHS = (
					"$(inherited)",
					"$(PROJECT_DIR)/libs/opus/lib",
					"$(PROJECT_DIR)/libs/openssl/lib",
				);
				PRODUCT_NAME = "$(TARGET_NAME)";
				WRAPPER_EXTENSION = app;
			};
			name = Debug;
		};
		FB290D2219B2C406004C83CF /* Release */ = {
			isa = XCBuildConfiguration;
			buildSettings = {
				ASSETCATALOG_COMPILER_APPICON_NAME = AppIcon;
				ASSETCATALOG_COMPILER_LAUNCHIMAGE_NAME = LaunchImage;
				GCC_PRECOMPILE_PREFIX_HEADER = YES;
				GCC_PREFIX_HEADER = "Limelight/Limelight-Prefix.pch";
				HEADER_SEARCH_PATHS = (
					"$(inherited)",
					/Applications/Xcode.app/Contents/Developer/Toolchains/XcodeDefault.xctoolchain/usr/include,
					"$(PROJECT_DIR)/limelight-common-c/limelight-common",
					"$(SDKROOT)/usr/include/libxml2/**",
					"$(PROJECT_DIR)/libs/**",
				);
				INFOPLIST_FILE = "Limelight/Limelight-Info.plist";
				LIBRARY_SEARCH_PATHS = (
					"$(inherited)",
					"$(PROJECT_DIR)/libs/opus/lib",
					"$(PROJECT_DIR)/libs/openssl/lib",
				);
				PRODUCT_NAME = "$(TARGET_NAME)";
				WRAPPER_EXTENSION = app;
			};
			name = Release;
		};
		FB290D2419B2C406004C83CF /* Debug */ = {
			isa = XCBuildConfiguration;
			buildSettings = {
				BUNDLE_LOADER = "$(BUILT_PRODUCTS_DIR)/Limelight.app/Limelight";
				FRAMEWORK_SEARCH_PATHS = (
					"$(SDKROOT)/Developer/Library/Frameworks",
					"$(inherited)",
					"$(DEVELOPER_FRAMEWORKS_DIR)",
				);
				GCC_PRECOMPILE_PREFIX_HEADER = YES;
				GCC_PREFIX_HEADER = "Limelight/Limelight-Prefix.pch";
				GCC_PREPROCESSOR_DEFINITIONS = (
					"DEBUG=1",
					"$(inherited)",
				);
				INFOPLIST_FILE = "LimelightTests/LimelightTests-Info.plist";
				PRODUCT_NAME = "$(TARGET_NAME)";
				TEST_HOST = "$(BUNDLE_LOADER)";
				WRAPPER_EXTENSION = xctest;
			};
			name = Debug;
		};
		FB290D2519B2C406004C83CF /* Release */ = {
			isa = XCBuildConfiguration;
			buildSettings = {
				BUNDLE_LOADER = "$(BUILT_PRODUCTS_DIR)/Limelight.app/Limelight";
				FRAMEWORK_SEARCH_PATHS = (
					"$(SDKROOT)/Developer/Library/Frameworks",
					"$(inherited)",
					"$(DEVELOPER_FRAMEWORKS_DIR)",
				);
				GCC_PRECOMPILE_PREFIX_HEADER = YES;
				GCC_PREFIX_HEADER = "Limelight/Limelight-Prefix.pch";
				INFOPLIST_FILE = "LimelightTests/LimelightTests-Info.plist";
				PRODUCT_NAME = "$(TARGET_NAME)";
				TEST_HOST = "$(BUNDLE_LOADER)";
				WRAPPER_EXTENSION = xctest;
			};
			name = Release;
		};
/* End XCBuildConfiguration section */

/* Begin XCConfigurationList section */
		FB290CE919B2C406004C83CF /* Build configuration list for PBXProject "Limelight" */ = {
			isa = XCConfigurationList;
			buildConfigurations = (
				FB290D1E19B2C406004C83CF /* Debug */,
				FB290D1F19B2C406004C83CF /* Release */,
			);
			defaultConfigurationIsVisible = 0;
			defaultConfigurationName = Release;
		};
		FB290D2019B2C406004C83CF /* Build configuration list for PBXNativeTarget "Limelight" */ = {
			isa = XCConfigurationList;
			buildConfigurations = (
				FB290D2119B2C406004C83CF /* Debug */,
				FB290D2219B2C406004C83CF /* Release */,
			);
			defaultConfigurationIsVisible = 0;
			defaultConfigurationName = Release;
		};
		FB290D2319B2C406004C83CF /* Build configuration list for PBXNativeTarget "LimelightTests" */ = {
			isa = XCConfigurationList;
			buildConfigurations = (
				FB290D2419B2C406004C83CF /* Debug */,
				FB290D2519B2C406004C83CF /* Release */,
			);
			defaultConfigurationIsVisible = 0;
			defaultConfigurationName = Release;
		};
/* End XCConfigurationList section */

/* Begin XCVersionGroup section */
		FB290D0519B2C406004C83CF /* Limelight.xcdatamodeld */ = {
			isa = XCVersionGroup;
			children = (
				FB290D0619B2C406004C83CF /* Limelight.xcdatamodel */,
			);
			currentVersion = FB290D0619B2C406004C83CF /* Limelight.xcdatamodel */;
			path = Limelight.xcdatamodeld;
			sourceTree = "<group>";
			versionGroupType = wrapper.xcdatamodel;
		};
/* End XCVersionGroup section */
	};
	rootObject = FB290CE619B2C406004C83CF /* Project object */;
}
